// !$*UTF8*$!
{
	archiveVersion = 1;
	classes = {
	};
	objectVersion = 50;
	objects = {

/* Begin PBXBuildFile section */
		D89FA236243A7F3D00E0C146 /* AppDelegate.swift in Sources */ = {isa = PBXBuildFile; fileRef = D89FA235243A7F3D00E0C146 /* AppDelegate.swift */; };
		D89FA238243A7F3D00E0C146 /* SceneDelegate.swift in Sources */ = {isa = PBXBuildFile; fileRef = D89FA237243A7F3D00E0C146 /* SceneDelegate.swift */; };
		D89FA23A243A7F3D00E0C146 /* ViewController.swift in Sources */ = {isa = PBXBuildFile; fileRef = D89FA239243A7F3D00E0C146 /* ViewController.swift */; };
		D89FA23D243A7F3D00E0C146 /* Main.storyboard in Resources */ = {isa = PBXBuildFile; fileRef = D89FA23B243A7F3D00E0C146 /* Main.storyboard */; };
		D89FA242243A7F3F00E0C146 /* LaunchScreen.storyboard in Resources */ = {isa = PBXBuildFile; fileRef = D89FA240243A7F3F00E0C146 /* LaunchScreen.storyboard */; };
		D89FA24D243A802200E0C146 /* Freude.otf in Resources */ = {isa = PBXBuildFile; fileRef = D89FA24C243A802200E0C146 /* Freude.otf */; };
		D89FA24F243A803100E0C146 /* Montserrat-Medium.ttf in Resources */ = {isa = PBXBuildFile; fileRef = D89FA24E243A803100E0C146 /* Montserrat-Medium.ttf */; };
		D89FA251243A803B00E0C146 /* Montserrat-Regular.ttf in Resources */ = {isa = PBXBuildFile; fileRef = D89FA250243A803B00E0C146 /* Montserrat-Regular.ttf */; };
		D89FA253243A804400E0C146 /* Montserrat-SemiBold.ttf in Resources */ = {isa = PBXBuildFile; fileRef = D89FA252243A804400E0C146 /* Montserrat-SemiBold.ttf */; };
		D89FA255243A860D00E0C146 /* Assets.xcassets in Resources */ = {isa = PBXBuildFile; fileRef = D89FA254243A860D00E0C146 /* Assets.xcassets */; };
		D8E941C3243C8CD400FAFB97 /* LoginViewController.swift in Sources */ = {isa = PBXBuildFile; fileRef = D8E941C2243C8CD400FAFB97 /* LoginViewController.swift */; };
		D8E941CA243C906B00FAFB97 /* SignupViewController.swift in Sources */ = {isa = PBXBuildFile; fileRef = D8E941C9243C906B00FAFB97 /* SignupViewController.swift */; };
		D8E941CE243C929800FAFB97 /* TextField.swift in Sources */ = {isa = PBXBuildFile; fileRef = D8E941CD243C929800FAFB97 /* TextField.swift */; };
		D8E941D0243C9FF000FAFB97 /* Utilities.swift in Sources */ = {isa = PBXBuildFile; fileRef = D8E941CF243C9FF000FAFB97 /* Utilities.swift */; };
		D8E941D2243CA57400FAFB97 /* GoogleService-Info.plist in Resources */ = {isa = PBXBuildFile; fileRef = D8E941D1243CA57400FAFB97 /* GoogleService-Info.plist */; };
/* End PBXBuildFile section */

/* Begin PBXFileReference section */
		D89FA232243A7F3D00E0C146 /* ClimateProject.app */ = {isa = PBXFileReference; explicitFileType = wrapper.application; includeInIndex = 0; path = ClimateProject.app; sourceTree = BUILT_PRODUCTS_DIR; };
		D89FA235243A7F3D00E0C146 /* AppDelegate.swift */ = {isa = PBXFileReference; lastKnownFileType = sourcecode.swift; path = AppDelegate.swift; sourceTree = "<group>"; };
		D89FA237243A7F3D00E0C146 /* SceneDelegate.swift */ = {isa = PBXFileReference; lastKnownFileType = sourcecode.swift; path = SceneDelegate.swift; sourceTree = "<group>"; };
		D89FA239243A7F3D00E0C146 /* ViewController.swift */ = {isa = PBXFileReference; lastKnownFileType = sourcecode.swift; path = ViewController.swift; sourceTree = "<group>"; };
		D89FA23C243A7F3D00E0C146 /* Base */ = {isa = PBXFileReference; lastKnownFileType = file.storyboard; name = Base; path = Base.lproj/Main.storyboard; sourceTree = "<group>"; };
		D89FA241243A7F3F00E0C146 /* Base */ = {isa = PBXFileReference; lastKnownFileType = file.storyboard; name = Base; path = Base.lproj/LaunchScreen.storyboard; sourceTree = "<group>"; };
		D89FA243243A7F3F00E0C146 /* Info.plist */ = {isa = PBXFileReference; lastKnownFileType = text.plist.xml; path = Info.plist; sourceTree = "<group>"; };
		D89FA24C243A802200E0C146 /* Freude.otf */ = {isa = PBXFileReference; lastKnownFileType = file; path = Freude.otf; sourceTree = "<group>"; };
		D89FA24E243A803100E0C146 /* Montserrat-Medium.ttf */ = {isa = PBXFileReference; lastKnownFileType = file; path = "Montserrat-Medium.ttf"; sourceTree = "<group>"; };
		D89FA250243A803B00E0C146 /* Montserrat-Regular.ttf */ = {isa = PBXFileReference; lastKnownFileType = file; path = "Montserrat-Regular.ttf"; sourceTree = "<group>"; };
		D89FA252243A804400E0C146 /* Montserrat-SemiBold.ttf */ = {isa = PBXFileReference; lastKnownFileType = file; path = "Montserrat-SemiBold.ttf"; sourceTree = "<group>"; };
		D89FA254243A860D00E0C146 /* Assets.xcassets */ = {isa = PBXFileReference; lastKnownFileType = folder.assetcatalog; path = Assets.xcassets; sourceTree = "<group>"; };
		D8E941C2243C8CD400FAFB97 /* LoginViewController.swift */ = {isa = PBXFileReference; lastKnownFileType = sourcecode.swift; name = LoginViewController.swift; path = ClimateProject/Controllers/LoginViewController.swift; sourceTree = SOURCE_ROOT; };
		D8E941C9243C906B00FAFB97 /* SignupViewController.swift */ = {isa = PBXFileReference; lastKnownFileType = sourcecode.swift; path = SignupViewController.swift; sourceTree = "<group>"; };
		D8E941CD243C929800FAFB97 /* TextField.swift */ = {isa = PBXFileReference; lastKnownFileType = sourcecode.swift; path = TextField.swift; sourceTree = "<group>"; };
		D8E941CF243C9FF000FAFB97 /* Utilities.swift */ = {isa = PBXFileReference; lastKnownFileType = sourcecode.swift; path = Utilities.swift; sourceTree = "<group>"; };
		D8E941D1243CA57400FAFB97 /* GoogleService-Info.plist */ = {isa = PBXFileReference; fileEncoding = 4; lastKnownFileType = text.plist.xml; path = "GoogleService-Info.plist"; sourceTree = "<group>"; };
/* End PBXFileReference section */

/* Begin PBXFrameworksBuildPhase section */
		D89FA22F243A7F3D00E0C146 /* Frameworks */ = {
			isa = PBXFrameworksBuildPhase;
			buildActionMask = 2147483647;
			files = (
			);
			runOnlyForDeploymentPostprocessing = 0;
		};
/* End PBXFrameworksBuildPhase section */

/* Begin PBXGroup section */
		D89FA229243A7F3D00E0C146 = {
			isa = PBXGroup;
			children = (
				D89FA234243A7F3D00E0C146 /* ClimateProject */,
				D89FA233243A7F3D00E0C146 /* Products */,
			);
			sourceTree = "<group>";
		};
		D89FA233243A7F3D00E0C146 /* Products */ = {
			isa = PBXGroup;
			children = (
				D89FA232243A7F3D00E0C146 /* ClimateProject.app */,
			);
			name = Products;
			sourceTree = "<group>";
		};
		D89FA234243A7F3D00E0C146 /* ClimateProject */ = {
			isa = PBXGroup;
			children = (
				D89FA254243A860D00E0C146 /* Assets.xcassets */,
				D89FA235243A7F3D00E0C146 /* AppDelegate.swift */,
				D89FA237243A7F3D00E0C146 /* SceneDelegate.swift */,
				D8E941C4243C8DAD00FAFB97 /* Models */,
				D89FA24A243A7FD400E0C146 /* Controllers */,
				D89FA249243A7FCB00E0C146 /* Views */,
				D89FA24B243A800A00E0C146 /* Fonts */,
				D89FA243243A7F3F00E0C146 /* Info.plist */,
				D8E941D1243CA57400FAFB97 /* GoogleService-Info.plist */,
			);
			path = ClimateProject;
			sourceTree = "<group>";
		};
		D89FA249243A7FCB00E0C146 /* Views */ = {
			isa = PBXGroup;
			children = (
				D89FA23B243A7F3D00E0C146 /* Main.storyboard */,
				D89FA240243A7F3F00E0C146 /* LaunchScreen.storyboard */,
			);
			path = Views;
			sourceTree = "<group>";
		};
		D89FA24A243A7FD400E0C146 /* Controllers */ = {
			isa = PBXGroup;
			children = (
				D89FA239243A7F3D00E0C146 /* ViewController.swift */,
				D8E941C2243C8CD400FAFB97 /* LoginViewController.swift */,
				D8E941C9243C906B00FAFB97 /* SignupViewController.swift */,
			);
			path = Controllers;
			sourceTree = "<group>";
		};
		D89FA24B243A800A00E0C146 /* Fonts */ = {
			isa = PBXGroup;
			children = (
				D89FA24C243A802200E0C146 /* Freude.otf */,
				D89FA24E243A803100E0C146 /* Montserrat-Medium.ttf */,
				D89FA250243A803B00E0C146 /* Montserrat-Regular.ttf */,
				D89FA252243A804400E0C146 /* Montserrat-SemiBold.ttf */,
			);
			path = Fonts;
			sourceTree = "<group>";
		};
		D8E941C4243C8DAD00FAFB97 /* Models */ = {
			isa = PBXGroup;
			children = (
				D8E941CD243C929800FAFB97 /* TextField.swift */,
				D8E941CF243C9FF000FAFB97 /* Utilities.swift */,
			);
			path = Models;
			sourceTree = "<group>";
		};
/* End PBXGroup section */

/* Begin PBXNativeTarget section */
		D89FA231243A7F3D00E0C146 /* ClimateProject */ = {
			isa = PBXNativeTarget;
			buildConfigurationList = D89FA246243A7F3F00E0C146 /* Build configuration list for PBXNativeTarget "ClimateProject" */;
			buildPhases = (
				D89FA22E243A7F3D00E0C146 /* Sources */,
				D89FA22F243A7F3D00E0C146 /* Frameworks */,
				D89FA230243A7F3D00E0C146 /* Resources */,
			);
			buildRules = (
			);
			dependencies = (
			);
			name = ClimateProject;
			productName = ClimateProject;
			productReference = D89FA232243A7F3D00E0C146 /* ClimateProject.app */;
			productType = "com.apple.product-type.application";
		};
/* End PBXNativeTarget section */

/* Begin PBXProject section */
		D89FA22A243A7F3D00E0C146 /* Project object */ = {
			isa = PBXProject;
			attributes = {
				LastSwiftUpdateCheck = 1140;
				LastUpgradeCheck = 1140;
				ORGANIZATIONNAME = "Jinqi Li";
				TargetAttributes = {
					D89FA231243A7F3D00E0C146 = {
						CreatedOnToolsVersion = 11.4;
					};
				};
			};
			buildConfigurationList = D89FA22D243A7F3D00E0C146 /* Build configuration list for PBXProject "ClimateProject" */;
			compatibilityVersion = "Xcode 9.3";
			developmentRegion = en;
			hasScannedForEncodings = 0;
			knownRegions = (
				en,
				Base,
			);
			mainGroup = D89FA229243A7F3D00E0C146;
			productRefGroup = D89FA233243A7F3D00E0C146 /* Products */;
			projectDirPath = "";
			projectRoot = "";
			targets = (
				D89FA231243A7F3D00E0C146 /* ClimateProject */,
			);
		};
/* End PBXProject section */

/* Begin PBXResourcesBuildPhase section */
		D89FA230243A7F3D00E0C146 /* Resources */ = {
			isa = PBXResourcesBuildPhase;
			buildActionMask = 2147483647;
			files = (
				D89FA251243A803B00E0C146 /* Montserrat-Regular.ttf in Resources */,
				D8E941D2243CA57400FAFB97 /* GoogleService-Info.plist in Resources */,
				D89FA24D243A802200E0C146 /* Freude.otf in Resources */,
				D89FA24F243A803100E0C146 /* Montserrat-Medium.ttf in Resources */,
				D89FA253243A804400E0C146 /* Montserrat-SemiBold.ttf in Resources */,
				D89FA255243A860D00E0C146 /* Assets.xcassets in Resources */,
				D89FA242243A7F3F00E0C146 /* LaunchScreen.storyboard in Resources */,
				D89FA23D243A7F3D00E0C146 /* Main.storyboard in Resources */,
			);
			runOnlyForDeploymentPostprocessing = 0;
		};
/* End PBXResourcesBuildPhase section */

/* Begin PBXSourcesBuildPhase section */
		D89FA22E243A7F3D00E0C146 /* Sources */ = {
			isa = PBXSourcesBuildPhase;
			buildActionMask = 2147483647;
			files = (
				D8E941CA243C906B00FAFB97 /* SignupViewController.swift in Sources */,
				D8E941C3243C8CD400FAFB97 /* LoginViewController.swift in Sources */,
				D8E941D0243C9FF000FAFB97 /* Utilities.swift in Sources */,
				D89FA23A243A7F3D00E0C146 /* ViewController.swift in Sources */,
				D8E941CE243C929800FAFB97 /* TextField.swift in Sources */,
				D89FA236243A7F3D00E0C146 /* AppDelegate.swift in Sources */,
				D89FA238243A7F3D00E0C146 /* SceneDelegate.swift in Sources */,
			);
			runOnlyForDeploymentPostprocessing = 0;
		};
/* End PBXSourcesBuildPhase section */

/* Begin PBXVariantGroup section */
		D89FA23B243A7F3D00E0C146 /* Main.storyboard */ = {
			isa = PBXVariantGroup;
			children = (
				D89FA23C243A7F3D00E0C146 /* Base */,
			);
			name = Main.storyboard;
			sourceTree = "<group>";
		};
		D89FA240243A7F3F00E0C146 /* LaunchScreen.storyboard */ = {
			isa = PBXVariantGroup;
			children = (
				D89FA241243A7F3F00E0C146 /* Base */,
			);
			name = LaunchScreen.storyboard;
			sourceTree = "<group>";
		};
/* End PBXVariantGroup section */

/* Begin XCBuildConfiguration section */
		D89FA244243A7F3F00E0C146 /* Debug */ = {
			isa = XCBuildConfiguration;
			buildSettings = {
				ALWAYS_SEARCH_USER_PATHS = NO;
				CLANG_ANALYZER_NONNULL = YES;
				CLANG_ANALYZER_NUMBER_OBJECT_CONVERSION = YES_AGGRESSIVE;
				CLANG_CXX_LANGUAGE_STANDARD = "gnu++14";
				CLANG_CXX_LIBRARY = "libc++";
				CLANG_ENABLE_MODULES = YES;
				CLANG_ENABLE_OBJC_ARC = YES;
				CLANG_ENABLE_OBJC_WEAK = YES;
				CLANG_WARN_BLOCK_CAPTURE_AUTORELEASING = YES;
				CLANG_WARN_BOOL_CONVERSION = YES;
				CLANG_WARN_COMMA = YES;
				CLANG_WARN_CONSTANT_CONVERSION = YES;
				CLANG_WARN_DEPRECATED_OBJC_IMPLEMENTATIONS = YES;
				CLANG_WARN_DIRECT_OBJC_ISA_USAGE = YES_ERROR;
				CLANG_WARN_DOCUMENTATION_COMMENTS = YES;
				CLANG_WARN_EMPTY_BODY = YES;
				CLANG_WARN_ENUM_CONVERSION = YES;
				CLANG_WARN_INFINITE_RECURSION = YES;
				CLANG_WARN_INT_CONVERSION = YES;
				CLANG_WARN_NON_LITERAL_NULL_CONVERSION = YES;
				CLANG_WARN_OBJC_IMPLICIT_RETAIN_SELF = YES;
				CLANG_WARN_OBJC_LITERAL_CONVERSION = YES;
				CLANG_WARN_OBJC_ROOT_CLASS = YES_ERROR;
				CLANG_WARN_RANGE_LOOP_ANALYSIS = YES;
				CLANG_WARN_STRICT_PROTOTYPES = YES;
				CLANG_WARN_SUSPICIOUS_MOVE = YES;
				CLANG_WARN_UNGUARDED_AVAILABILITY = YES_AGGRESSIVE;
				CLANG_WARN_UNREACHABLE_CODE = YES;
				CLANG_WARN__DUPLICATE_METHOD_MATCH = YES;
				COPY_PHASE_STRIP = NO;
				DEBUG_INFORMATION_FORMAT = dwarf;
				ENABLE_STRICT_OBJC_MSGSEND = YES;
				ENABLE_TESTABILITY = YES;
				GCC_C_LANGUAGE_STANDARD = gnu11;
				GCC_DYNAMIC_NO_PIC = NO;
				GCC_NO_COMMON_BLOCKS = YES;
				GCC_OPTIMIZATION_LEVEL = 0;
				GCC_PREPROCESSOR_DEFINITIONS = (
					"DEBUG=1",
					"$(inherited)",
				);
				GCC_WARN_64_TO_32_BIT_CONVERSION = YES;
				GCC_WARN_ABOUT_RETURN_TYPE = YES_ERROR;
				GCC_WARN_UNDECLARED_SELECTOR = YES;
				GCC_WARN_UNINITIALIZED_AUTOS = YES_AGGRESSIVE;
				GCC_WARN_UNUSED_FUNCTION = YES;
				GCC_WARN_UNUSED_VARIABLE = YES;
				IPHONEOS_DEPLOYMENT_TARGET = 13.4;
				MTL_ENABLE_DEBUG_INFO = INCLUDE_SOURCE;
				MTL_FAST_MATH = YES;
				ONLY_ACTIVE_ARCH = YES;
				SDKROOT = iphoneos;
				SWIFT_ACTIVE_COMPILATION_CONDITIONS = DEBUG;
				SWIFT_OPTIMIZATION_LEVEL = "-Onone";
			};
			name = Debug;
		};
		D89FA245243A7F3F00E0C146 /* Release */ = {
			isa = XCBuildConfiguration;
			buildSettings = {
				ALWAYS_SEARCH_USER_PATHS = NO;
				CLANG_ANALYZER_NONNULL = YES;
				CLANG_ANALYZER_NUMBER_OBJECT_CONVERSION = YES_AGGRESSIVE;
				CLANG_CXX_LANGUAGE_STANDARD = "gnu++14";
				CLANG_CXX_LIBRARY = "libc++";
				CLANG_ENABLE_MODULES = YES;
				CLANG_ENABLE_OBJC_ARC = YES;
				CLANG_ENABLE_OBJC_WEAK = YES;
				CLANG_WARN_BLOCK_CAPTURE_AUTORELEASING = YES;
				CLANG_WARN_BOOL_CONVERSION = YES;
				CLANG_WARN_COMMA = YES;
				CLANG_WARN_CONSTANT_CONVERSION = YES;
				CLANG_WARN_DEPRECATED_OBJC_IMPLEMENTATIONS = YES;
				CLANG_WARN_DIRECT_OBJC_ISA_USAGE = YES_ERROR;
				CLANG_WARN_DOCUMENTATION_COMMENTS = YES;
				CLANG_WARN_EMPTY_BODY = YES;
				CLANG_WARN_ENUM_CONVERSION = YES;
				CLANG_WARN_INFINITE_RECURSION = YES;
				CLANG_WARN_INT_CONVERSION = YES;
				CLANG_WARN_NON_LITERAL_NULL_CONVERSION = YES;
				CLANG_WARN_OBJC_IMPLICIT_RETAIN_SELF = YES;
				CLANG_WARN_OBJC_LITERAL_CONVERSION = YES;
				CLANG_WARN_OBJC_ROOT_CLASS = YES_ERROR;
				CLANG_WARN_RANGE_LOOP_ANALYSIS = YES;
				CLANG_WARN_STRICT_PROTOTYPES = YES;
				CLANG_WARN_SUSPICIOUS_MOVE = YES;
				CLANG_WARN_UNGUARDED_AVAILABILITY = YES_AGGRESSIVE;
				CLANG_WARN_UNREACHABLE_CODE = YES;
				CLANG_WARN__DUPLICATE_METHOD_MATCH = YES;
				COPY_PHASE_STRIP = NO;
				DEBUG_INFORMATION_FORMAT = "dwarf-with-dsym";
				ENABLE_NS_ASSERTIONS = NO;
				ENABLE_STRICT_OBJC_MSGSEND = YES;
				GCC_C_LANGUAGE_STANDARD = gnu11;
				GCC_NO_COMMON_BLOCKS = YES;
				GCC_WARN_64_TO_32_BIT_CONVERSION = YES;
				GCC_WARN_ABOUT_RETURN_TYPE = YES_ERROR;
				GCC_WARN_UNDECLARED_SELECTOR = YES;
				GCC_WARN_UNINITIALIZED_AUTOS = YES_AGGRESSIVE;
				GCC_WARN_UNUSED_FUNCTION = YES;
				GCC_WARN_UNUSED_VARIABLE = YES;
				IPHONEOS_DEPLOYMENT_TARGET = 13.4;
				MTL_ENABLE_DEBUG_INFO = NO;
				MTL_FAST_MATH = YES;
				SDKROOT = iphoneos;
				SWIFT_COMPILATION_MODE = wholemodule;
				SWIFT_OPTIMIZATION_LEVEL = "-O";
				VALIDATE_PRODUCT = YES;
			};
			name = Release;
		};
		D89FA247243A7F3F00E0C146 /* Debug */ = {
			isa = XCBuildConfiguration;
			buildSettings = {
				ASSETCATALOG_COMPILER_APPICON_NAME = AppIcon;
				CODE_SIGN_STYLE = Automatic;
				DEVELOPMENT_TEAM = LY3Q8QW3C2;
				INFOPLIST_FILE = ClimateProject/Info.plist;
				LD_RUNPATH_SEARCH_PATHS = (
					"$(inherited)",
					"@executable_path/Frameworks",
				);
				PRODUCT_BUNDLE_IDENTIFIER = com.test.ClimateProject;
				PRODUCT_NAME = "$(TARGET_NAME)";
				SWIFT_VERSION = 5.0;
				TARGETED_DEVICE_FAMILY = "1,2";
			};
			name = Debug;
		};
		D89FA248243A7F3F00E0C146 /* Release */ = {
			isa = XCBuildConfiguration;
			buildSettings = {
				ASSETCATALOG_COMPILER_APPICON_NAME = AppIcon;
				CODE_SIGN_STYLE = Automatic;
				DEVELOPMENT_TEAM = LY3Q8QW3C2;
				INFOPLIST_FILE = ClimateProject/Info.plist;
				LD_RUNPATH_SEARCH_PATHS = (
					"$(inherited)",
					"@executable_path/Frameworks",
				);
				PRODUCT_BUNDLE_IDENTIFIER = com.test.ClimateProject;
				PRODUCT_NAME = "$(TARGET_NAME)";
				SWIFT_VERSION = 5.0;
				TARGETED_DEVICE_FAMILY = "1,2";
			};
			name = Release;
		};
/* End XCBuildConfiguration section */

/* Begin XCConfigurationList section */
		D89FA22D243A7F3D00E0C146 /* Build configuration list for PBXProject "ClimateProject" */ = {
			isa = XCConfigurationList;
			buildConfigurations = (
				D89FA244243A7F3F00E0C146 /* Debug */,
				D89FA245243A7F3F00E0C146 /* Release */,
			);
			defaultConfigurationIsVisible = 0;
			defaultConfigurationName = Release;
		};
		D89FA246243A7F3F00E0C146 /* Build configuration list for PBXNativeTarget "ClimateProject" */ = {
			isa = XCConfigurationList;
			buildConfigurations = (
				D89FA247243A7F3F00E0C146 /* Debug */,
				D89FA248243A7F3F00E0C146 /* Release */,
			);
			defaultConfigurationIsVisible = 0;
			defaultConfigurationName = Release;
		};
/* End XCConfigurationList section */
	};
	rootObject = D89FA22A243A7F3D00E0C146 /* Project object */;
}
